{
  "name": "visual-pracitce",
  "version": "1.0.0",
  "lockfileVersion": 1,
  "requires": true,
  "dependencies": {
    "@amap/amap-jsapi-loader": {
      "version": "0.0.3",
      "resolved": "https://registry.npm.taobao.org/@amap/amap-jsapi-loader/download/@amap/amap-jsapi-loader-0.0.3.tgz",
      "integrity": "sha1-XWdvFnAhPeCSfHTad0dXI+XeI4A=",
      "dev": true
    },
    "@antv/async-hook": {
      "version": "2.1.0",
      "resolved": "https://registry.npm.taobao.org/@antv/async-hook/download/@antv/async-hook-2.1.0.tgz",
      "integrity": "sha1-F/V6auXpxVraw836x9RBJYw/mus=",
      "dev": true,
      "requires": {
        "async": "^3.1.1"
      }
    },
    "@antv/l7": {
      "version": "2.3.7",
      "resolved": "https://registry.npm.taobao.org/@antv/l7/download/@antv/l7-2.3.7.tgz",
      "integrity": "sha1-F+8GcVKqK/Kh5ZThIGsZRQSY8Xw=",
      "dev": true,
      "requires": {
        "@antv/l7-component": "2.3.7",
        "@antv/l7-core": "2.3.7",
        "@antv/l7-layers": "2.3.7",
        "@antv/l7-maps": "2.3.7",
        "@antv/l7-scene": "2.3.7",
        "@antv/l7-utils": "2.3.7",
        "@babel/runtime": "^7.7.7"
      }
    },
    "@antv/l7-component": {
      "version": "2.3.7",
      "resolved": "https://registry.npm.taobao.org/@antv/l7-component/download/@antv/l7-component-2.3.7.tgz",
      "integrity": "sha1-gAnz2UOBke4wu0hAFwOsIa7W2aQ=",
      "dev": true,
      "requires": {
        "@antv/l7-core": "2.3.7",
        "@antv/l7-utils": "2.3.7",
        "@babel/runtime": "^7.7.7",
        "eventemitter3": "^4.0.0",
        "inversify": "^5.0.1",
        "load-styles": "^2.0.0"
      }
    },
    "@antv/l7-core": {
      "version": "2.3.7",
      "resolved": "https://registry.npm.taobao.org/@antv/l7-core/download/@antv/l7-core-2.3.7.tgz",
      "integrity": "sha1-3Gemo1nGdmAu5scfEe3yn+xi+E8=",
      "dev": true,
      "requires": {
        "@antv/async-hook": "^2.1.0",
        "@antv/l7-utils": "2.3.7",
        "@babel/runtime": "^7.7.7",
        "@mapbox/tiny-sdf": "^1.1.1",
        "ajv": "^6.10.2",
        "element-resize-event": "^3.0.3",
        "eventemitter3": "^4.0.0",
        "gl-matrix": "^3.1.0",
        "hammerjs": "^2.0.8",
        "inversify": "^5.0.1",
        "inversify-inject-decorators": "^3.1.0",
        "lodash": "^4.17.15",
        "merge-json-schemas": "^1.0.0",
        "probe.gl": "^3.1.1",
        "reflect-metadata": "^0.1.13",
        "viewport-mercator-project": "^6.2.1"
      }
    },
    "@antv/l7-layers": {
      "version": "2.3.7",
      "resolved": "https://registry.npm.taobao.org/@antv/l7-layers/download/@antv/l7-layers-2.3.7.tgz",
      "integrity": "sha1-7sZk/4A6OexltLvilsNvZ3MWD5U=",
      "dev": true,
      "requires": {
        "@antv/async-hook": "^2.1.0",
        "@antv/l7-core": "2.3.7",
        "@antv/l7-source": "2.3.7",
        "@antv/l7-utils": "2.3.7",
        "@babel/runtime": "^7.7.7",
        "@mapbox/martini": "^0.2.0",
        "@turf/meta": "^6.0.2",
        "d3-array": "1",
        "d3-color": "^1.4.0",
        "d3-scale": "2",
        "earcut": "^2.2.1",
        "eventemitter3": "^4.0.0",
        "extrude-polyline": "^1.0.6",
        "gl-matrix": "^3.1.0",
        "gl-vec2": "^1.3.0",
        "inversify": "^5.0.1",
        "lodash": "^4.17.15",
        "merge-json-schemas": "1.0.0",
        "polyline-miter-util": "^1.0.1",
        "reflect-metadata": "^0.1.13"
      }
    },
    "@antv/l7-map": {
      "version": "2.3.7",
      "resolved": "https://registry.npm.taobao.org/@antv/l7-map/download/@antv/l7-map-2.3.7.tgz",
      "integrity": "sha1-NHhPhyQ29LpklFl0rlIcnRpxjqk=",
      "dev": true,
      "requires": {
        "@antv/l7-utils": "2.3.7",
        "@babel/runtime": "^7.7.7",
        "@mapbox/point-geometry": "^0.1.0",
        "@mapbox/unitbezier": "^0.0.0",
        "eventemitter3": "^4.0.4",
        "lodash": "^4.17.15"
      }
    },
    "@antv/l7-maps": {
      "version": "2.3.7",
      "resolved": "https://registry.npm.taobao.org/@antv/l7-maps/download/@antv/l7-maps-2.3.7.tgz",
      "integrity": "sha1-vyADAXGoSBXG/Ooi5aS1iZk8CYI=",
      "dev": true,
      "requires": {
        "@amap/amap-jsapi-loader": "^0.0.3",
        "@antv/l7-core": "2.3.7",
        "@antv/l7-map": "2.3.7",
        "@antv/l7-utils": "2.3.7",
        "@babel/runtime": "^7.7.7",
        "@types/amap-js-api": "^1.4.6",
        "@types/mapbox-gl": "^1.11.2",
        "gl-matrix": "^3.1.0",
        "inversify": "^5.0.1",
        "load-styles": "^2.0.0",
        "mapbox-gl": "^1.2.1",
        "viewport-mercator-project": "^6.2.1"
      }
    },
    "@antv/l7-renderer": {
      "version": "2.3.7",
      "resolved": "https://registry.npm.taobao.org/@antv/l7-renderer/download/@antv/l7-renderer-2.3.7.tgz",
      "integrity": "sha1-7tZD7Uyqnd5gAbquiMiDERSdYk0=",
      "dev": true,
      "requires": {
        "@antv/l7-core": "2.3.7",
        "@babel/runtime": "^7.7.7",
        "inversify": "^5.0.1",
        "lodash": "^4.17.15",
        "reflect-metadata": "^0.1.13",
        "regl": "^1.6.1"
      }
    },
    "@antv/l7-scene": {
      "version": "2.3.7",
      "resolved": "https://registry.npm.taobao.org/@antv/l7-scene/download/@antv/l7-scene-2.3.7.tgz",
      "integrity": "sha1-S3Ip1fCnnlmAmS6H1cSxqFZmxz4=",
      "dev": true,
      "requires": {
        "@antv/l7-component": "2.3.7",
        "@antv/l7-core": "2.3.7",
        "@antv/l7-maps": "2.3.7",
        "@antv/l7-renderer": "2.3.7",
        "@antv/l7-utils": "2.3.7",
        "@babel/runtime": "^7.7.7",
        "inversify": "^5.0.1",
        "mapbox-gl": "^1.2.1",
        "reflect-metadata": "^0.1.13"
      }
    },
    "@antv/l7-source": {
      "version": "2.3.7",
      "resolved": "https://registry.npm.taobao.org/@antv/l7-source/download/@antv/l7-source-2.3.7.tgz",
      "integrity": "sha1-apUMqCRabtSqApMM6h9zPXDTDgQ=",
      "dev": true,
      "requires": {
        "@antv/async-hook": "^2.1.0",
        "@antv/l7-core": "2.3.7",
        "@antv/l7-utils": "2.3.7",
        "@babel/runtime": "^7.7.7",
        "@mapbox/geojson-rewind": "^0.4.0",
        "@turf/helpers": "^6.1.4",
        "@turf/invariant": "^6.1.2",
        "@turf/meta": "^6.0.2",
        "d3-dsv": "^1.1.1",
        "d3-hexbin": "^0.2.2",
        "eventemitter3": "^4.0.0",
        "inversify": "^5.0.1",
        "lodash": "^4.17.15",
        "supercluster": "^7.0.0"
      },
      "dependencies": {
        "@mapbox/geojson-rewind": {
          "version": "0.4.1",
          "resolved": "https://registry.npm.taobao.org/@mapbox/geojson-rewind/download/@mapbox/geojson-rewind-0.4.1.tgz",
          "integrity": "sha1-NX15MArbf+x8HwkVEpiLymRY8Gg=",
          "dev": true,
          "requires": {
            "@mapbox/geojson-area": "0.2.2",
            "concat-stream": "~1.6.0",
            "minimist": "^1.2.5",
            "sharkdown": "^0.1.0"
          }
        },
        "concat-stream": {
          "version": "1.6.2",
          "resolved": "https://registry.npm.taobao.org/concat-stream/download/concat-stream-1.6.2.tgz",
          "integrity": "sha1-kEvfGUzTEi/Gdcd/xKw9T/D9GjQ=",
          "dev": true,
          "requires": {
            "buffer-from": "^1.0.0",
            "inherits": "^2.0.3",
            "readable-stream": "^2.2.2",
            "typedarray": "^0.0.6"
          }
        },
        "d3-dsv": {
          "version": "1.2.0",
          "resolved": "https://registry.npm.taobao.org/d3-dsv/download/d3-dsv-1.2.0.tgz?cache=0&sync_timestamp=1598195132113&other_urls=https%3A%2F%2Fregistry.npm.taobao.org%2Fd3-dsv%2Fdownload%2Fd3-dsv-1.2.0.tgz",
          "integrity": "sha1-nV91w6X4q9YR900/WEew1DOLiFw=",
          "dev": true,
          "requires": {
            "commander": "2",
            "iconv-lite": "0.4",
            "rw": "1"
          }
        },
        "readable-stream": {
          "version": "2.3.7",
          "resolved": "https://registry.npm.taobao.org/readable-stream/download/readable-stream-2.3.7.tgz?cache=0&sync_timestamp=1581624324274&other_urls=https%3A%2F%2Fregistry.npm.taobao.org%2Freadable-stream%2Fdownload%2Freadable-stream-2.3.7.tgz",
          "integrity": "sha1-Hsoc9xGu+BTAT2IlKjamL2yyO1c=",
          "dev": true,
          "requires": {
            "core-util-is": "~1.0.0",
            "inherits": "~2.0.3",
            "isarray": "~1.0.0",
            "process-nextick-args": "~2.0.0",
            "safe-buffer": "~5.1.1",
            "string_decoder": "~1.1.1",
            "util-deprecate": "~1.0.1"
          }
        },
        "safe-buffer": {
          "version": "5.1.2",
          "resolved": "https://registry.npm.taobao.org/safe-buffer/download/safe-buffer-5.1.2.tgz",
          "integrity": "sha1-mR7GnSluAxN0fVm9/St0XDX4go0=",
          "dev": true
        },
        "string_decoder": {
          "version": "1.1.1",
          "resolved": "https://registry.npm.taobao.org/string_decoder/download/string_decoder-1.1.1.tgz",
          "integrity": "sha1-nPFhG6YmhdcDCunkujQUnDrwP8g=",
          "dev": true,
          "requires": {
            "safe-buffer": "~5.1.0"
          }
        }
      }
    },
    "@antv/l7-utils": {
      "version": "2.3.7",
      "resolved": "https://registry.npm.taobao.org/@antv/l7-utils/download/@antv/l7-utils-2.3.7.tgz",
      "integrity": "sha1-WujRgJq77+5bwG4Cfflily2hqPU=",
      "dev": true,
      "requires": {
        "@babel/runtime": "^7.7.7",
        "@turf/helpers": "^6.1.4",
        "d3-color": "^1.4.0"
      }
    },
    "@babel/runtime": {
      "version": "7.12.5",
      "resolved": "https://registry.npm.taobao.org/@babel/runtime/download/@babel/runtime-7.12.5.tgz?cache=0&sync_timestamp=1604441104026&other_urls=https%3A%2F%2Fregistry.npm.taobao.org%2F%40babel%2Fruntime%2Fdownload%2F%40babel%2Fruntime-7.12.5.tgz",
      "integrity": "sha1-QQ5+SHRB4bNgwpvnFdhw2bmFiC4=",
      "dev": true,
      "requires": {
        "regenerator-runtime": "^0.13.4"
      }
    },
    "@mapbox/geojson-area": {
      "version": "0.2.2",
      "resolved": "https://registry.npm.taobao.org/@mapbox/geojson-area/download/@mapbox/geojson-area-0.2.2.tgz",
      "integrity": "sha1-GNeBSqNr8j+7zDefjiaiKSfevxA=",
      "dev": true,
      "requires": {
        "wgs84": "0.0.0"
      }
    },
    "@mapbox/geojson-rewind": {
      "version": "0.5.0",
      "resolved": "https://registry.npm.taobao.org/@mapbox/geojson-rewind/download/@mapbox/geojson-rewind-0.5.0.tgz",
      "integrity": "sha1-kfCtVgCMEgyqGUFLZE10Ekn09WA=",
      "dev": true,
      "requires": {
        "concat-stream": "~2.0.0",
        "minimist": "^1.2.5"
      }
    },
    "@mapbox/geojson-types": {
      "version": "1.0.2",
      "resolved": "https://registry.npm.taobao.org/@mapbox/geojson-types/download/@mapbox/geojson-types-1.0.2.tgz",
      "integrity": "sha1-muz2QssA6rEIClfE+UmmW0pYRtY=",
      "dev": true
    },
    "@mapbox/jsonlint-lines-primitives": {
      "version": "2.0.2",
      "resolved": "https://registry.npm.taobao.org/@mapbox/jsonlint-lines-primitives/download/@mapbox/jsonlint-lines-primitives-2.0.2.tgz",
      "integrity": "sha1-zlblOfg1UrWNENZy6k1vya3HsjQ=",
      "dev": true
    },
    "@mapbox/mapbox-gl-supported": {
      "version": "1.5.0",
      "resolved": "https://registry.npm.taobao.org/@mapbox/mapbox-gl-supported/download/@mapbox/mapbox-gl-supported-1.5.0.tgz",
      "integrity": "sha1-9gtqVaXY5e6Qg0fSzkJQsVED3I4=",
      "dev": true
    },
    "@mapbox/martini": {
      "version": "0.2.0",
      "resolved": "https://registry.npm.taobao.org/@mapbox/martini/download/@mapbox/martini-0.2.0.tgz",
      "integrity": "sha1-GvcCEfvplKvybjfxOIymnALNQ7Q=",
      "dev": true
    },
    "@mapbox/point-geometry": {
      "version": "0.1.0",
      "resolved": "https://registry.npm.taobao.org/@mapbox/point-geometry/download/@mapbox/point-geometry-0.1.0.tgz",
      "integrity": "sha1-ioP5M1x4YO/6Lu7KJUMyqgru2PI=",
      "dev": true
    },
    "@mapbox/tiny-sdf": {
      "version": "1.2.0",
      "resolved": "https://registry.npm.taobao.org/@mapbox/tiny-sdf/download/@mapbox/tiny-sdf-1.2.0.tgz?cache=0&sync_timestamp=1610932098087&other_urls=https%3A%2F%2Fregistry.npm.taobao.org%2F%40mapbox%2Ftiny-sdf%2Fdownload%2F%40mapbox%2Ftiny-sdf-1.2.0.tgz",
      "integrity": "sha1-eXyFkIDUbOQBmqxPwkVCcget/eQ=",
      "dev": true
    },
    "@mapbox/unitbezier": {
      "version": "0.0.0",
      "resolved": "https://registry.npm.taobao.org/@mapbox/unitbezier/download/@mapbox/unitbezier-0.0.0.tgz",
      "integrity": "sha1-FWUb1VOme4WB+zmIEMmK2Go0Uk4=",
      "dev": true
    },
    "@mapbox/vector-tile": {
      "version": "1.3.1",
      "resolved": "https://registry.npm.taobao.org/@mapbox/vector-tile/download/@mapbox/vector-tile-1.3.1.tgz",
      "integrity": "sha1-06dMkEAtBuiexm3knsgX/1NAlmY=",
      "dev": true,
      "requires": {
        "@mapbox/point-geometry": "~0.1.0"
      }
    },
    "@mapbox/whoots-js": {
      "version": "3.1.0",
      "resolved": "https://registry.npm.taobao.org/@mapbox/whoots-js/download/@mapbox/whoots-js-3.1.0.tgz",
      "integrity": "sha1-SXxnoc71DRokWbpg8xXkSNKth/4=",
      "dev": true
    },
    "@probe.gl/stats": {
      "version": "3.3.0",
      "resolved": "https://registry.npm.taobao.org/@probe.gl/stats/download/@probe.gl/stats-3.3.0.tgz",
      "integrity": "sha1-ZvaE6tfO4fKq1e5enSl+hOCMVTY=",
      "dev": true,
      "requires": {
        "@babel/runtime": "^7.0.0"
      }
    },
    "@turf/helpers": {
      "version": "6.2.0",
      "resolved": "https://registry.npm.taobao.org/@turf/helpers/download/@turf/helpers-6.2.0.tgz?cache=0&sync_timestamp=1610465004248&other_urls=https%3A%2F%2Fregistry.npm.taobao.org%2F%40turf%2Fhelpers%2Fdownload%2F%40turf%2Fhelpers-6.2.0.tgz",
      "integrity": "sha1-3HcM47NbIw9qZhgk8/h1kTeON5s=",
      "dev": true
    },
    "@turf/invariant": {
      "version": "6.2.0",
      "resolved": "https://registry.npm.taobao.org/@turf/invariant/download/@turf/invariant-6.2.0.tgz?cache=0&sync_timestamp=1610465005244&other_urls=https%3A%2F%2Fregistry.npm.taobao.org%2F%40turf%2Finvariant%2Fdownload%2F%40turf%2Finvariant-6.2.0.tgz",
      "integrity": "sha1-kccyt8U+la/b6pRL4zFruK/WoRg=",
      "dev": true,
      "requires": {
        "@turf/helpers": "^6.2.0"
      }
    },
    "@turf/meta": {
      "version": "6.2.0",
      "resolved": "https://registry.npm.taobao.org/@turf/meta/download/@turf/meta-6.2.0.tgz?cache=0&sync_timestamp=1610465005712&other_urls=https%3A%2F%2Fregistry.npm.taobao.org%2F%40turf%2Fmeta%2Fdownload%2F%40turf%2Fmeta-6.2.0.tgz",
      "integrity": "sha1-oiVHf9i1pBZtmOLnDMTthD2w9I0=",
      "dev": true,
      "requires": {
        "@turf/helpers": "^6.2.0"
      }
    },
    "@types/amap-js-api": {
      "version": "1.4.9",
      "resolved": "https://registry.npm.taobao.org/@types/amap-js-api/download/@types/amap-js-api-1.4.9.tgz",
      "integrity": "sha1-trEPDVg3iPgDsTF+4hptqS6+EeY=",
      "dev": true
    },
    "@types/geojson": {
      "version": "7946.0.7",
      "resolved": "https://registry.npm.taobao.org/@types/geojson/download/@types/geojson-7946.0.7.tgz",
      "integrity": "sha1-yPpTK2CgBCIZzfFzyiGpde8GZq0=",
      "dev": true
    },
    "@types/json-schema": {
      "version": "7.0.6",
      "resolved": "https://registry.npmjs.org/@types/json-schema/-/json-schema-7.0.6.tgz",
      "integrity": "sha512-3c+yGKvVP5Y9TYBEibGNR+kLtijnj7mYrXRg+WpFb2X9xm04g/DXYkfg4hmzJQosc9snFNUPkbYIhu+KAm6jJw=="
    },
    "@types/mapbox-gl": {
      "version": "1.13.0",
      "resolved": "https://registry.npm.taobao.org/@types/mapbox-gl/download/@types/mapbox-gl-1.13.0.tgz",
      "integrity": "sha1-kUg20OpdGkMyUsjevu911BDD0GI=",
      "dev": true,
      "requires": {
        "@types/geojson": "*"
      }
    },
    "ajv": {
      "version": "6.12.6",
      "resolved": "https://registry.npmjs.org/ajv/-/ajv-6.12.6.tgz",
      "integrity": "sha512-j3fVLgvTo527anyYyJOGTYJbG+vnnQYvE0m5mmkc1TK+nxAppkCLMIL0aZ4dblVCNoGShhm+kzE4ZUykBoMg4g==",
      "requires": {
        "fast-deep-equal": "^3.1.1",
        "fast-json-stable-stringify": "^2.0.0",
        "json-schema-traverse": "^0.4.1",
        "uri-js": "^4.2.2"
      }
    },
    "ajv-keywords": {
      "version": "3.5.2",
      "resolved": "https://registry.npmjs.org/ajv-keywords/-/ajv-keywords-3.5.2.tgz",
      "integrity": "sha512-5p6WTN0DdTGVQk6VjcEju19IgaHudalcfabD7yhDGeA6bcQnmL+CpveLJq/3hvfwd1aof6L386Ougkx6RfyMIQ=="
    },
    "ansicolors": {
      "version": "0.2.1",
      "resolved": "https://registry.npm.taobao.org/ansicolors/download/ansicolors-0.2.1.tgz",
      "integrity": "sha1-vgiVmQl7dKXJxKhKDNvNtivYeu8=",
      "dev": true
    },
    "as-number": {
      "version": "1.0.0",
      "resolved": "https://registry.npm.taobao.org/as-number/download/as-number-1.0.0.tgz",
      "integrity": "sha1-rLJ+NPj52KsNqeN287iVmGD4CmY=",
      "dev": true
    },
    "async": {
      "version": "3.2.0",
      "resolved": "https://registry.npm.taobao.org/async/download/async-3.2.0.tgz",
      "integrity": "sha1-s6JoXF67ZB094C0WEALGD8n4VyA=",
      "dev": true
    },
    "big.js": {
      "version": "5.2.2",
      "resolved": "https://registry.npmjs.org/big.js/-/big.js-5.2.2.tgz",
      "integrity": "sha512-vyL2OymJxmarO8gxMr0mhChsO9QGwhynfuu4+MHTAW6czfq9humCB7rKpUjDd9YUiDPU4mzpyupFSvOClAwbmQ=="
    },
    "buffer-from": {
      "version": "1.1.1",
      "resolved": "https://registry.npm.taobao.org/buffer-from/download/buffer-from-1.1.1.tgz",
      "integrity": "sha1-MnE7wCj3XAL9txDXx7zsHyxgcO8=",
      "dev": true
    },
    "cardinal": {
      "version": "0.4.4",
      "resolved": "https://registry.npm.taobao.org/cardinal/download/cardinal-0.4.4.tgz",
      "integrity": "sha1-ylu2iltRG5D+k7ms6km97lwyv+I=",
      "dev": true,
      "requires": {
        "ansicolors": "~0.2.1",
        "redeyed": "~0.4.0"
      }
    },
    "commander": {
      "version": "2.20.3",
      "resolved": "https://registry.npmjs.org/commander/-/commander-2.20.3.tgz",
      "integrity": "sha512-GpVkmM8vF2vQUkj2LvZmD35JxeJOLCwJ9cUkugyk2nuhbv3+mJvpLYYt+0+USMxE+oj+ey/lJEnhZw75x/OMcQ==",
      "dev": true
    },
    "concat-stream": {
      "version": "2.0.0",
      "resolved": "https://registry.npm.taobao.org/concat-stream/download/concat-stream-2.0.0.tgz",
      "integrity": "sha1-QUz1r3kKSMYKub5FJ9VtXkETPLE=",
      "dev": true,
      "requires": {
        "buffer-from": "^1.0.0",
        "inherits": "^2.0.3",
        "readable-stream": "^3.0.2",
        "typedarray": "^0.0.6"
      }
    },
    "core-util-is": {
      "version": "1.0.2",
      "resolved": "https://registry.npm.taobao.org/core-util-is/download/core-util-is-1.0.2.tgz",
      "integrity": "sha1-tf1UIgqivFq1eqtxQMlAdUUDwac=",
      "dev": true
    },
    "csscolorparser": {
      "version": "1.0.3",
      "resolved": "https://registry.npm.taobao.org/csscolorparser/download/csscolorparser-1.0.3.tgz",
      "integrity": "sha1-s085HupNqPPpgjHizNjfnAQfFxs=",
      "dev": true
    },
    "d3-array": {
      "version": "1.2.4",
      "resolved": "https://registry.npm.taobao.org/d3-array/download/d3-array-1.2.4.tgz",
      "integrity": "sha1-Y1zk1e6nWfb2BYY9vPww7cc39x8=",
      "dev": true
    },
    "d3-collection": {
      "version": "1.0.7",
      "resolved": "https://registry.npm.taobao.org/d3-collection/download/d3-collection-1.0.7.tgz",
      "integrity": "sha1-NJvSqpl32wcQkcExRNXk8WtbMQ4=",
      "dev": true
    },
    "d3-color": {
      "version": "1.4.1",
      "resolved": "https://registry.npm.taobao.org/d3-color/download/d3-color-1.4.1.tgz",
      "integrity": "sha1-xSACv4hGraRCTVXZeYL+8m6zvIo=",
      "dev": true
    },
    "d3-dsv": {
      "version": "2.0.0",
      "resolved": "https://registry.npmjs.org/d3-dsv/-/d3-dsv-2.0.0.tgz",
      "integrity": "sha512-E+Pn8UJYx9mViuIUkoc93gJGGYut6mSDKy2+XaPwccwkRGlR+LO97L2VCCRjQivTwLHkSnAJG7yo00BWY6QM+w==",
      "dev": true,
      "requires": {
        "commander": "2",
        "iconv-lite": "0.4",
        "rw": "1"
      }
    },
    "d3-fetch": {
      "version": "2.0.0",
      "resolved": "https://registry.npmjs.org/d3-fetch/-/d3-fetch-2.0.0.tgz",
      "integrity": "sha512-TkYv/hjXgCryBeNKiclrwqZH7Nb+GaOwo3Neg24ZVWA3MKB+Rd+BY84Nh6tmNEMcjUik1CSUWjXYndmeO6F7sw==",
      "dev": true,
      "requires": {
        "d3-dsv": "1 - 2"
      }
    },
    "d3-format": {
      "version": "1.4.5",
      "resolved": "https://registry.npm.taobao.org/d3-format/download/d3-format-1.4.5.tgz?cache=0&sync_timestamp=1597938118752&other_urls=https%3A%2F%2Fregistry.npm.taobao.org%2Fd3-format%2Fdownload%2Fd3-format-1.4.5.tgz",
      "integrity": "sha1-N08roTIONxfrdKk1bGfa7hen7bQ=",
      "dev": true
    },
    "d3-hexbin": {
      "version": "0.2.2",
      "resolved": "https://registry.npm.taobao.org/d3-hexbin/download/d3-hexbin-0.2.2.tgz",
      "integrity": "sha1-nFg32s/UcasFM3qeke8Qv8T5iDE=",
      "dev": true
    },
    "d3-interpolate": {
      "version": "1.4.0",
      "resolved": "https://registry.npm.taobao.org/d3-interpolate/download/d3-interpolate-1.4.0.tgz?cache=0&sync_timestamp=1598193861487&other_urls=https%3A%2F%2Fregistry.npm.taobao.org%2Fd3-interpolate%2Fdownload%2Fd3-interpolate-1.4.0.tgz",
      "integrity": "sha1-Um554tgNqjg/ngwcHH3MDwWD6Yc=",
      "dev": true,
      "requires": {
        "d3-color": "1"
      }
    },
    "d3-scale": {
      "version": "2.2.2",
      "resolved": "https://registry.npm.taobao.org/d3-scale/download/d3-scale-2.2.2.tgz",
      "integrity": "sha1-TogOCydFrKrd0+3iap6Qip4XuB8=",
      "dev": true,
      "requires": {
        "d3-array": "^1.2.0",
        "d3-collection": "1",
        "d3-format": "1",
        "d3-interpolate": "1",
        "d3-time": "1",
        "d3-time-format": "2"
      }
    },
    "d3-time": {
      "version": "1.1.0",
      "resolved": "https://registry.npm.taobao.org/d3-time/download/d3-time-1.1.0.tgz",
      "integrity": "sha1-seGdMH2unJALflsl/8XcwkmooPE=",
      "dev": true
    },
    "d3-time-format": {
      "version": "2.3.0",
      "resolved": "https://registry.npm.taobao.org/d3-time-format/download/d3-time-format-2.3.0.tgz",
      "integrity": "sha1-EHvcAoZneIqJJLoED68fvM1aeFA=",
      "dev": true,
      "requires": {
        "d3-time": "1"
      }
    },
    "earcut": {
      "version": "2.2.2",
      "resolved": "https://registry.npm.taobao.org/earcut/download/earcut-2.2.2.tgz",
      "integrity": "sha1-QbC8NfY+D+gNp83f8oUR5+LoDRE=",
      "dev": true
    },
    "element-resize-event": {
      "version": "3.0.3",
      "resolved": "https://registry.npm.taobao.org/element-resize-event/download/element-resize-event-3.0.3.tgz",
      "integrity": "sha1-P1n6zva48j+9Z4pfNk7lcjr5iio=",
      "dev": true
    },
    "emojis-list": {
      "version": "3.0.0",
      "resolved": "https://registry.npmjs.org/emojis-list/-/emojis-list-3.0.0.tgz",
      "integrity": "sha512-/kyM18EfinwXZbno9FyUGeFh87KC8HRQBQGildHZbEuRyWFOmv1U10o9BBp8XVZDVNNuQKyIGIu5ZYAAXJ0V2Q=="
    },
    "esprima": {
      "version": "1.0.4",
      "resolved": "https://registry.npm.taobao.org/esprima/download/esprima-1.0.4.tgz",
      "integrity": "sha1-n1V+CPw7TSbs6d00+Pv0drYlha0=",
      "dev": true
    },
    "eventemitter3": {
      "version": "4.0.7",
      "resolved": "https://registry.npm.taobao.org/eventemitter3/download/eventemitter3-4.0.7.tgz?cache=0&sync_timestamp=1598517728928&other_urls=https%3A%2F%2Fregistry.npm.taobao.org%2Feventemitter3%2Fdownload%2Feventemitter3-4.0.7.tgz",
      "integrity": "sha1-Lem2j2Uo1WRO9cWVJqG0oHMGFp8=",
      "dev": true
    },
    "extrude-polyline": {
      "version": "1.0.6",
      "resolved": "https://registry.npm.taobao.org/extrude-polyline/download/extrude-polyline-1.0.6.tgz",
      "integrity": "sha1-fmr+HzSaQYL6P2GgDZOXm5XxiyA=",
      "dev": true,
      "requires": {
        "as-number": "^1.0.0",
        "gl-vec2": "^1.0.0",
        "polyline-miter-util": "^1.0.1"
      }
    },
    "fast-deep-equal": {
      "version": "3.1.3",
      "resolved": "https://registry.npmjs.org/fast-deep-equal/-/fast-deep-equal-3.1.3.tgz",
      "integrity": "sha512-f3qQ9oQy9j2AhBe/H9VC91wLmKBCCU/gDOnKNAYG5hswO7BLKj09Hc5HYNz9cGI++xlpDCIgDaitVs03ATR84Q=="
    },
    "fast-json-stable-stringify": {
      "version": "2.1.0",
      "resolved": "https://registry.npmjs.org/fast-json-stable-stringify/-/fast-json-stable-stringify-2.1.0.tgz",
      "integrity": "sha512-lhd/wF+Lk98HZoTCtlVraHtfh5XYijIjalXck7saUtuanSDyLMxnHhSXEDJqHxD7msR8D0uCmqlkwjCV8xvwHw=="
    },
    "geojson-vt": {
      "version": "3.2.1",
      "resolved": "https://registry.npm.taobao.org/geojson-vt/download/geojson-vt-3.2.1.tgz",
      "integrity": "sha1-+K22FNLB0/bufEJlytS7861gyLc=",
      "dev": true
    },
    "gl-matrix": {
      "version": "3.3.0",
      "resolved": "https://registry.npm.taobao.org/gl-matrix/download/gl-matrix-3.3.0.tgz",
      "integrity": "sha1-Iy7vYLHIswooy751ssr2xI/WNYs=",
      "dev": true
    },
    "gl-vec2": {
      "version": "1.3.0",
      "resolved": "https://registry.npm.taobao.org/gl-vec2/download/gl-vec2-1.3.0.tgz",
      "integrity": "sha1-g9Ry7UYDTejgnLyFcSP7bIHFEZk=",
      "dev": true
    },
    "grid-index": {
      "version": "1.1.0",
      "resolved": "https://registry.npm.taobao.org/grid-index/download/grid-index-1.1.0.tgz",
      "integrity": "sha1-l/giHt7BAmyDd7hkRqfHHnlSLqc=",
      "dev": true
    },
    "hammerjs": {
      "version": "2.0.8",
      "resolved": "https://registry.npm.taobao.org/hammerjs/download/hammerjs-2.0.8.tgz",
      "integrity": "sha1-BO93hiz/K7edMPdpIJWTAiK/YPE=",
      "dev": true
    },
    "iconv-lite": {
      "version": "0.4.24",
      "resolved": "https://registry.npmjs.org/iconv-lite/-/iconv-lite-0.4.24.tgz",
      "integrity": "sha512-v3MXnZAcvnywkTUEZomIActle7RXXeedOR31wwl7VlyoXO4Qi9arvSenNQWne1TcRwhCL1HwLI21bEqdpj8/rA==",
      "dev": true,
      "requires": {
        "safer-buffer": ">= 2.1.2 < 3"
      }
    },
    "ieee754": {
      "version": "1.2.1",
      "resolved": "https://registry.npm.taobao.org/ieee754/download/ieee754-1.2.1.tgz",
      "integrity": "sha1-jrehCmP/8l0VpXsAFYbRd9Gw01I=",
      "dev": true
    },
    "inherits": {
      "version": "2.0.4",
      "resolved": "https://registry.npm.taobao.org/inherits/download/inherits-2.0.4.tgz",
      "integrity": "sha1-D6LGT5MpF8NDOg3tVTY6rjdBa3w=",
      "dev": true
    },
    "inversify": {
      "version": "5.0.5",
      "resolved": "https://registry.npm.taobao.org/inversify/download/inversify-5.0.5.tgz",
      "integrity": "sha1-vR+ObY4Pc5MxrNi6m8lUY1quC78=",
      "dev": true
    },
    "inversify-inject-decorators": {
      "version": "3.1.0",
      "resolved": "https://registry.npm.taobao.org/inversify-inject-decorators/download/inversify-inject-decorators-3.1.0.tgz",
      "integrity": "sha1-2ZQQgLrXfOyKZe4p2QXk1dc+HpU=",
      "dev": true
    },
    "isarray": {
      "version": "1.0.0",
      "resolved": "https://registry.npm.taobao.org/isarray/download/isarray-1.0.0.tgz",
      "integrity": "sha1-u5NdSFgsuhaMBoNJV6VKPgcSTxE=",
      "dev": true
    },
    "json-schema-traverse": {
      "version": "0.4.1",
      "resolved": "https://registry.npmjs.org/json-schema-traverse/-/json-schema-traverse-0.4.1.tgz",
      "integrity": "sha512-xbbCH5dCYU5T8LcEhhuh7HJ88HXuW3qsI3Y0zOZFKfZEHcpWiHU/Jxzk629Brsab/mMiHQti9wMP+845RPe3Vg=="
    },
    "json5": {
      "version": "2.1.3",
      "resolved": "https://registry.npmjs.org/json5/-/json5-2.1.3.tgz",
      "integrity": "sha512-KXPvOm8K9IJKFM0bmdn8QXh7udDh1g/giieX0NLCaMnb4hEiVFqnop2ImTXCc5e0/oHz3LTqmHGtExn5hfMkOA==",
      "requires": {
        "minimist": "^1.2.5"
      }
    },
    "kdbush": {
      "version": "3.0.0",
      "resolved": "https://registry.npm.taobao.org/kdbush/download/kdbush-3.0.0.tgz",
      "integrity": "sha1-+EhHlNRwBMwthe06eTU9vgq8K/A=",
      "dev": true
    },
    "load-styles": {
      "version": "2.0.0",
      "resolved": "https://registry.npm.taobao.org/load-styles/download/load-styles-2.0.0.tgz",
      "integrity": "sha1-oJAcj4DvDIaUVOtYC078LwvkhHE=",
      "dev": true
    },
    "loader-utils": {
      "version": "2.0.0",
      "resolved": "https://registry.npmjs.org/loader-utils/-/loader-utils-2.0.0.tgz",
      "integrity": "sha512-rP4F0h2RaWSvPEkD7BLDFQnvSf+nK+wr3ESUjNTyAGobqrijmW92zc+SO6d4p4B1wh7+B/Jg1mkQe5NYUEHtHQ==",
      "requires": {
        "big.js": "^5.2.2",
        "emojis-list": "^3.0.0",
        "json5": "^2.1.2"
      }
    },
    "lodash": {
      "version": "4.17.20",
      "resolved": "https://registry.npm.taobao.org/lodash/download/lodash-4.17.20.tgz?cache=0&sync_timestamp=1597335994883&other_urls=https%3A%2F%2Fregistry.npm.taobao.org%2Flodash%2Fdownload%2Flodash-4.17.20.tgz",
      "integrity": "sha1-tEqbYpe8tpjxxRo1RaKzs2jVnFI=",
      "dev": true
    },
    "lodash.isarray": {
      "version": "4.0.0",
      "resolved": "https://registry.npm.taobao.org/lodash.isarray/download/lodash.isarray-4.0.0.tgz",
      "integrity": "sha1-KspJayjEym1yZxUxNZDALm6jRAM=",
      "dev": true
    },
    "lodash.isnil": {
      "version": "4.0.0",
      "resolved": "https://registry.npm.taobao.org/lodash.isnil/download/lodash.isnil-4.0.0.tgz",
      "integrity": "sha1-SeKM1VkBNFjIFMVHnTxmOiG/qmw=",
      "dev": true
    },
    "lodash.isplainobject": {
      "version": "4.0.6",
      "resolved": "https://registry.npm.taobao.org/lodash.isplainobject/download/lodash.isplainobject-4.0.6.tgz",
      "integrity": "sha1-fFJqUtibRcRcxpC4gWO+BJf1UMs=",
      "dev": true
    },
    "lodash.mergewith": {
      "version": "4.6.2",
      "resolved": "https://registry.npm.taobao.org/lodash.mergewith/download/lodash.mergewith-4.6.2.tgz",
      "integrity": "sha1-YXEh+JrFX1kEfHrsHM1mVMZZD1U=",
      "dev": true
    },
    "lodash.uniq": {
      "version": "4.5.0",
      "resolved": "https://registry.npm.taobao.org/lodash.uniq/download/lodash.uniq-4.5.0.tgz",
      "integrity": "sha1-0CJTc662Uq3BvILklFM5qEJ1R3M=",
      "dev": true
    },
    "mapbox-gl": {
      "version": "1.13.0",
      "resolved": "https://registry.npm.taobao.org/mapbox-gl/download/mapbox-gl-1.13.0.tgz",
      "integrity": "sha1-I7M5ulEWt+O1ogQ+qWj3/LU+NKY=",
      "dev": true,
      "requires": {
        "@mapbox/geojson-rewind": "^0.5.0",
        "@mapbox/geojson-types": "^1.0.2",
        "@mapbox/jsonlint-lines-primitives": "^2.0.2",
        "@mapbox/mapbox-gl-supported": "^1.5.0",
        "@mapbox/point-geometry": "^0.1.0",
        "@mapbox/tiny-sdf": "^1.1.1",
        "@mapbox/unitbezier": "^0.0.0",
        "@mapbox/vector-tile": "^1.3.1",
        "@mapbox/whoots-js": "^3.1.0",
        "csscolorparser": "~1.0.3",
        "earcut": "^2.2.2",
        "geojson-vt": "^3.2.1",
        "gl-matrix": "^3.2.1",
        "grid-index": "^1.1.0",
        "minimist": "^1.2.5",
        "murmurhash-js": "^1.0.0",
        "pbf": "^3.2.1",
        "potpack": "^1.0.1",
        "quickselect": "^2.0.0",
        "rw": "^1.3.3",
        "supercluster": "^7.1.0",
        "tinyqueue": "^2.0.3",
        "vt-pbf": "^3.1.1"
      }
    },
    "merge-json-schemas": {
      "version": "1.0.0",
      "resolved": "https://registry.npm.taobao.org/merge-json-schemas/download/merge-json-schemas-1.0.0.tgz",
      "integrity": "sha1-LWNeqoQBxfo9A/MPiTSfx8r+5i8=",
      "dev": true,
      "requires": {
        "lodash.isarray": "^4.0.0",
        "lodash.isnil": "^4.0.0",
        "lodash.isplainobject": "^4.0.6",
        "lodash.mergewith": "^4.6.0",
        "lodash.uniq": "^4.5.0"
      }
    },
    "mime-db": {
      "version": "1.45.0",
      "resolved": "https://registry.npmjs.org/mime-db/-/mime-db-1.45.0.tgz",
      "integrity": "sha512-CkqLUxUk15hofLoLyljJSrukZi8mAtgd+yE5uO4tqRZsdsAJKv0O+rFMhVDRJgozy+yG6md5KwuXhD4ocIoP+w=="
    },
    "mime-types": {
      "version": "2.1.28",
      "resolved": "https://registry.npmjs.org/mime-types/-/mime-types-2.1.28.tgz",
      "integrity": "sha512-0TO2yJ5YHYr7M2zzT7gDU1tbwHxEUWBCLt0lscSNpcdAfFyJOVEpRYNS7EXVcTLNj/25QO8gulHC5JtTzSE2UQ==",
      "requires": {
        "mime-db": "1.45.0"
      }
    },
    "minimist": {
      "version": "1.2.5",
      "resolved": "https://registry.npmjs.org/minimist/-/minimist-1.2.5.tgz",
      "integrity": "sha512-FM9nNUYrRBAELZQT3xeZQ7fmMOBg6nWNmJKTcgsJeaLstP/UODVpGsr5OhXhhXg6f+qtJ8uiZ+PUxkDWcgIXLw=="
    },
    "murmurhash-js": {
      "version": "1.0.0",
      "resolved": "https://registry.npm.taobao.org/murmurhash-js/download/murmurhash-js-1.0.0.tgz",
      "integrity": "sha1-sGJ44h/Gw3+lMTcysEEry2rhX1E=",
      "dev": true
    },
    "pbf": {
      "version": "3.2.1",
      "resolved": "https://registry.npm.taobao.org/pbf/download/pbf-3.2.1.tgz",
      "integrity": "sha1-tMG55yr5Zs2CxlMWkRFcwECf/io=",
      "dev": true,
      "requires": {
        "ieee754": "^1.1.12",
        "resolve-protobuf-schema": "^2.1.0"
      }
    },
    "polyline-miter-util": {
      "version": "1.0.1",
      "resolved": "https://registry.npm.taobao.org/polyline-miter-util/download/polyline-miter-util-1.0.1.tgz",
      "integrity": "sha1-tpPyOJ6g3tNqa89ezS7OS2kX2Vc=",
      "dev": true,
      "requires": {
        "gl-vec2": "^1.0.0"
      }
    },
    "potpack": {
      "version": "1.0.1",
      "resolved": "https://registry.npm.taobao.org/potpack/download/potpack-1.0.1.tgz",
      "integrity": "sha1-0bGv2J5Mj3dihl7DC9ESq3Z+Lr8=",
      "dev": true
    },
    "probe.gl": {
      "version": "3.3.0",
      "resolved": "https://registry.npm.taobao.org/probe.gl/download/probe.gl-3.3.0.tgz",
      "integrity": "sha1-pk4vAH02piYrEvOx6Zyl3Ddis8M=",
      "dev": true,
      "requires": {
        "@babel/runtime": "^7.0.0",
        "@probe.gl/stats": "3.3.0"
      }
    },
    "process-nextick-args": {
      "version": "2.0.1",
      "resolved": "https://registry.npm.taobao.org/process-nextick-args/download/process-nextick-args-2.0.1.tgz",
      "integrity": "sha1-eCDZsWEgzFXKmud5JoCufbptf+I=",
      "dev": true
    },
    "protocol-buffers-schema": {
      "version": "3.4.0",
      "resolved": "https://registry.npm.taobao.org/protocol-buffers-schema/download/protocol-buffers-schema-3.4.0.tgz",
      "integrity": "sha1-Lw6jHKlmJ9aAvy/vrn6/orZFPq4=",
      "dev": true
    },
    "punycode": {
      "version": "2.1.1",
      "resolved": "https://registry.npmjs.org/punycode/-/punycode-2.1.1.tgz",
      "integrity": "sha512-XRsRjdf+j5ml+y/6GKHPZbrF/8p2Yga0JPtdqTIY2Xe5ohJPD9saDJJLPvp9+NSBprVvevdXZybnj2cv8OEd0A=="
    },
    "quickselect": {
      "version": "2.0.0",
      "resolved": "https://registry.npm.taobao.org/quickselect/download/quickselect-2.0.0.tgz",
      "integrity": "sha1-8ZaApIal7vtYEwPgI+mPqvJd0Bg=",
      "dev": true
    },
    "readable-stream": {
      "version": "3.6.0",
      "resolved": "https://registry.npm.taobao.org/readable-stream/download/readable-stream-3.6.0.tgz?cache=0&sync_timestamp=1581624324274&other_urls=https%3A%2F%2Fregistry.npm.taobao.org%2Freadable-stream%2Fdownload%2Freadable-stream-3.6.0.tgz",
      "integrity": "sha1-M3u9o63AcGvT4CRCaihtS0sskZg=",
      "dev": true,
      "requires": {
        "inherits": "^2.0.3",
        "string_decoder": "^1.1.1",
        "util-deprecate": "^1.0.1"
      }
    },
    "redeyed": {
      "version": "0.4.4",
      "resolved": "https://registry.npm.taobao.org/redeyed/download/redeyed-0.4.4.tgz",
      "integrity": "sha1-N+mQpvKyGyoRwuakj9QTVpjLqX8=",
      "dev": true,
      "requires": {
        "esprima": "~1.0.4"
      }
    },
    "reflect-metadata": {
      "version": "0.1.13",
      "resolved": "https://registry.npm.taobao.org/reflect-metadata/download/reflect-metadata-0.1.13.tgz",
      "integrity": "sha1-Z648pXyXKiqhZCsQ/jY/4y1J3Ag=",
      "dev": true
    },
    "regenerator-runtime": {
      "version": "0.13.7",
      "resolved": "https://registry.npm.taobao.org/regenerator-runtime/download/regenerator-runtime-0.13.7.tgz?cache=0&sync_timestamp=1595456311465&other_urls=https%3A%2F%2Fregistry.npm.taobao.org%2Fregenerator-runtime%2Fdownload%2Fregenerator-runtime-0.13.7.tgz",
      "integrity": "sha1-ysLazIoepnX+qrrriugziYrkb1U=",
      "dev": true
    },
    "regl": {
      "version": "1.7.0",
      "resolved": "https://registry.npm.taobao.org/regl/download/regl-1.7.0.tgz",
      "integrity": "sha1-DRhUMQRKNWv4Dpt3WxG5Ne8nRtM=",
      "dev": true
    },
    "resolve-protobuf-schema": {
      "version": "2.1.0",
      "resolved": "https://registry.npm.taobao.org/resolve-protobuf-schema/download/resolve-protobuf-schema-2.1.0.tgz",
      "integrity": "sha1-nKmp5pzxkrva8QBuwZc5SKpKN1g=",
      "dev": true,
      "requires": {
        "protocol-buffers-schema": "^3.3.1"
      }
    },
    "rw": {
      "version": "1.3.3",
      "resolved": "https://registry.npmjs.org/rw/-/rw-1.3.3.tgz",
      "integrity": "sha1-P4Yt+pGrdmsUiF700BEkv9oHT7Q=",
      "dev": true
    },
    "safe-buffer": {
      "version": "5.2.1",
      "resolved": "https://registry.npm.taobao.org/safe-buffer/download/safe-buffer-5.2.1.tgz",
      "integrity": "sha1-Hq+fqb2x/dTsdfWPnNtOa3gn7sY=",
      "dev": true
    },
    "safer-buffer": {
      "version": "2.1.2",
      "resolved": "https://registry.npmjs.org/safer-buffer/-/safer-buffer-2.1.2.tgz",
      "integrity": "sha512-YZo3K82SD7Riyi0E1EQPojLz7kpepnSQI9IyPbHHg1XXXevb5dJI7tpyN2ADxGcQbHG7vcyRHk0cbwqcQriUtg==",
      "dev": true
    },
    "schema-utils": {
      "version": "3.0.0",
      "resolved": "https://registry.npmjs.org/schema-utils/-/schema-utils-3.0.0.tgz",
      "integrity": "sha512-6D82/xSzO094ajanoOSbe4YvXWMfn2A//8Y1+MUqFAJul5Bs+yn36xbK9OtNDcRVSBJ9jjeoXftM6CfztsjOAA==",
      "requires": {
        "@types/json-schema": "^7.0.6",
        "ajv": "^6.12.5",
        "ajv-keywords": "^3.5.2"
      }
    },
    "sharkdown": {
      "version": "0.1.1",
      "resolved": "https://registry.npm.taobao.org/sharkdown/download/sharkdown-0.1.1.tgz",
      "integrity": "sha1-ZEhL0PCPNH+DGen/lHpnD2tIsbI=",
      "dev": true,
      "requires": {
        "cardinal": "~0.4.2",
        "minimist": "0.0.5",
        "split": "~0.2.10"
      },
      "dependencies": {
        "minimist": {
          "version": "0.0.5",
          "resolved": "https://registry.npm.taobao.org/minimist/download/minimist-0.0.5.tgz?cache=0&other_urls=https%3A%2F%2Fregistry.npm.taobao.org%2Fminimist%2Fdownload%2Fminimist-0.0.5.tgz",
          "integrity": "sha1-16oye87PUY+RBqxrjwA/o7zqhWY=",
          "dev": true
        }
      }
    },
    "split": {
      "version": "0.2.10",
      "resolved": "https://registry.npm.taobao.org/split/download/split-0.2.10.tgz",
      "integrity": "sha1-Zwl8YB1pfOE2j0GPBs0gHPBSGlc=",
      "dev": true,
      "requires": {
        "through": "2"
      }
    },
    "string_decoder": {
      "version": "1.3.0",
      "resolved": "https://registry.npm.taobao.org/string_decoder/download/string_decoder-1.3.0.tgz",
      "integrity": "sha1-QvEUWUpGzxqOMLCoT1bHjD7awh4=",
      "dev": true,
      "requires": {
        "safe-buffer": "~5.2.0"
      }
    },
    "style-loader": {
      "version": "2.0.0",
      "resolved": "https://registry.npmjs.org/style-loader/-/style-loader-2.0.0.tgz",
      "integrity": "sha512-Z0gYUJmzZ6ZdRUqpg1r8GsaFKypE+3xAzuFeMuoHgjc9KZv3wMyCRjQIWEbhoFSq7+7yoHXySDJyyWQaPajeiQ==",
      "dev": true,
      "requires": {
        "loader-utils": "^2.0.0",
        "schema-utils": "^3.0.0"
      }
    },
    "supercluster": {
      "version": "7.1.0",
      "resolved": "https://registry.npm.taobao.org/supercluster/download/supercluster-7.1.0.tgz",
      "integrity": "sha1-8KRXQm7Aq5XWnF8DtR4El3S5RHk=",
      "dev": true,
      "requires": {
        "kdbush": "^3.0.0"
      }
    },
    "through": {
      "version": "2.3.8",
      "resolved": "https://registry.npm.taobao.org/through/download/through-2.3.8.tgz",
      "integrity": "sha1-DdTJ/6q8NXlgsbckEV1+Doai4fU=",
      "dev": true
    },
    "tinyqueue": {
      "version": "2.0.3",
      "resolved": "https://registry.npm.taobao.org/tinyqueue/download/tinyqueue-2.0.3.tgz",
      "integrity": "sha1-ZNhJLr8554Ade9NAYuKbRbIDXwg=",
      "dev": true
    },
    "typedarray": {
      "version": "0.0.6",
      "resolved": "https://registry.npm.taobao.org/typedarray/download/typedarray-0.0.6.tgz",
      "integrity": "sha1-hnrHTjhkGHsdPUfZlqeOxciDB3c=",
      "dev": true
    },
    "uri-js": {
      "version": "4.4.0",
      "resolved": "https://registry.npmjs.org/uri-js/-/uri-js-4.4.0.tgz",
      "integrity": "sha512-B0yRTzYdUCCn9n+F4+Gh4yIDtMQcaJsmYBDsTSG8g/OejKBodLQ2IHfN3bM7jUsRXndopT7OIXWdYqc1fjmV6g==",
      "requires": {
        "punycode": "^2.1.0"
      }
    },
    "url-loader": {
      "version": "4.1.1",
      "resolved": "https://registry.npmjs.org/url-loader/-/url-loader-4.1.1.tgz",
      "integrity": "sha512-3BTV812+AVHHOJQO8O5MkWgZ5aosP7GnROJwvzLS9hWDj00lZ6Z0wNak423Lp9PBZN05N+Jk/N5Si8jRAlGyWA==",
      "requires": {
        "loader-utils": "^2.0.0",
        "mime-types": "^2.1.27",
        "schema-utils": "^3.0.0"
      }
    },
    "util-deprecate": {
      "version": "1.0.2",
      "resolved": "https://registry.npm.taobao.org/util-deprecate/download/util-deprecate-1.0.2.tgz",
      "integrity": "sha1-RQ1Nyfpw3nMnYvvS1KKJgUGaDM8=",
      "dev": true
    },
    "viewport-mercator-project": {
      "version": "6.2.3",
      "resolved": "https://registry.npm.taobao.org/viewport-mercator-project/download/viewport-mercator-project-6.2.3.tgz",
      "integrity": "sha1-QSIED1HvlVP6QaRrzGUCl3s5CcY=",
      "dev": true,
      "requires": {
        "@babel/runtime": "^7.0.0",
        "gl-matrix": "^3.0.0"
      }
    },
    "vt-pbf": {
      "version": "3.1.1",
      "resolved": "https://registry.npm.taobao.org/vt-pbf/download/vt-pbf-3.1.1.tgz",
      "integrity": "sha1-sPYn45oQzpHZQ7iY7SNj0hiZ+4I=",
      "dev": true,
      "requires": {
        "@mapbox/point-geometry": "0.1.0",
        "@mapbox/vector-tile": "^1.3.1",
        "pbf": "^3.0.5"
      }
    },
    "wgs84": {
      "version": "0.0.0",
      "resolved": "https://registry.npm.taobao.org/wgs84/download/wgs84-0.0.0.tgz",
      "integrity": "sha1-NP3FVZF7blfPKigu0ENxDASc3HY=",
      "dev": true
    }
  }
}
